
Microsoft Visual Studio Solution File, Format Version 12.00
# Visual Studio 15
VisualStudioVersion = 15.0.28307.271
MinimumVisualStudioVersion = 10.0.40219.1
Project("{FAE04EC0-301F-11D3-BF4B-00C04F79EFBC}") = "filesopg1", "filesopg1\filesopg1.csproj", "{4AD6D400-2CFA-4F33-8BF2-76CCB7A0329F}"
EndProject
Global
	GlobalSection(SolutionConfigurationPlatforms) = preSolution
		Debug|Any CPU = Debug|Any CPU
		Release|Any CPU = Release|Any CPU
	EndGlobalSection
	GlobalSection(ProjectConfigurationPlatforms) = postSolution
		{4AD6D400-2CFA-4F33-8BF2-76CCB7A0329F}.Debug|Any CPU.ActiveCfg = Debug|Any CPU
		{4AD6D400-2CFA-4F33-8BF2-76CCB7A0329F}.Debug|Any CPU.Build.0 = Debug|Any CPU
		{4AD6D400-2CFA-4F33-8BF2-76CCB7A0329F}.Release|Any CPU.ActiveCfg = Release|Any CPU
		{4AD6D400-2CFA-4F33-8BF2-76CCB7A0329F}.Release|Any CPU.Build.0 = Release|Any CPU
	EndGlobalSection
	GlobalSection(SolutionProperties) = preSolution
		HideSolutionNode = FALSE
	EndGlobalSection
	GlobalSection(ExtensibilityGlobals) = postSolution
		SolutionGuid = {959E2BF9-B837-4CCA-8DFA-F64328C09A4D}
	EndGlobalSection
EndGlobal
