
Microsoft Visual Studio Solution File, Format Version 12.00
# Visual Studio 15
VisualStudioVersion = 15.0.28010.2026
MinimumVisualStudioVersion = 10.0.40219.1
Project("{FAE04EC0-301F-11D3-BF4B-00C04F79EFBC}") = "opg5arrays", "opg5arrays\opg5arrays.csproj", "{598BAE49-5323-4105-A805-2463BDE2EBF3}"
EndProject
Global
	GlobalSection(SolutionConfigurationPlatforms) = preSolution
		Debug|Any CPU = Debug|Any CPU
		Release|Any CPU = Release|Any CPU
	EndGlobalSection
	GlobalSection(ProjectConfigurationPlatforms) = postSolution
		{598BAE49-5323-4105-A805-2463BDE2EBF3}.Debug|Any CPU.ActiveCfg = Debug|Any CPU
		{598BAE49-5323-4105-A805-2463BDE2EBF3}.Debug|Any CPU.Build.0 = Debug|Any CPU
		{598BAE49-5323-4105-A805-2463BDE2EBF3}.Release|Any CPU.ActiveCfg = Release|Any CPU
		{598BAE49-5323-4105-A805-2463BDE2EBF3}.Release|Any CPU.Build.0 = Release|Any CPU
	EndGlobalSection
	GlobalSection(SolutionProperties) = preSolution
		HideSolutionNode = FALSE
	EndGlobalSection
	GlobalSection(ExtensibilityGlobals) = postSolution
		SolutionGuid = {7BA83CEB-3C13-4EB3-BC10-FC1DE6966DE4}
	EndGlobalSection
EndGlobal
