
Microsoft Visual Studio Solution File, Format Version 12.00
# Visual Studio 15
VisualStudioVersion = 15.0.28307.168
MinimumVisualStudioVersion = 10.0.40219.1
Project("{FAE04EC0-301F-11D3-BF4B-00C04F79EFBC}") = "blackjack", "blackjack\blackjack.csproj", "{BDFE1D55-961C-445B-AAC8-5064A52927DE}"
EndProject
Global
	GlobalSection(SolutionConfigurationPlatforms) = preSolution
		Debug|Any CPU = Debug|Any CPU
		Release|Any CPU = Release|Any CPU
	EndGlobalSection
	GlobalSection(ProjectConfigurationPlatforms) = postSolution
		{BDFE1D55-961C-445B-AAC8-5064A52927DE}.Debug|Any CPU.ActiveCfg = Debug|Any CPU
		{BDFE1D55-961C-445B-AAC8-5064A52927DE}.Debug|Any CPU.Build.0 = Debug|Any CPU
		{BDFE1D55-961C-445B-AAC8-5064A52927DE}.Release|Any CPU.ActiveCfg = Release|Any CPU
		{BDFE1D55-961C-445B-AAC8-5064A52927DE}.Release|Any CPU.Build.0 = Release|Any CPU
	EndGlobalSection
	GlobalSection(SolutionProperties) = preSolution
		HideSolutionNode = FALSE
	EndGlobalSection
	GlobalSection(ExtensibilityGlobals) = postSolution
		SolutionGuid = {B550D1FB-CE30-43D0-9FB6-639DEEADE794}
	EndGlobalSection
EndGlobal
