
Microsoft Visual Studio Solution File, Format Version 12.00
# Visual Studio 15
VisualStudioVersion = 15.0.28010.2003
MinimumVisualStudioVersion = 10.0.40219.1
Project("{FAE04EC0-301F-11D3-BF4B-00C04F79EFBC}") = "lukker", "lukker\lukker.csproj", "{01CD0A15-9824-4143-9211-C39FF1B5723B}"
EndProject
Global
	GlobalSection(SolutionConfigurationPlatforms) = preSolution
		Debug|Any CPU = Debug|Any CPU
		Release|Any CPU = Release|Any CPU
	EndGlobalSection
	GlobalSection(ProjectConfigurationPlatforms) = postSolution
		{01CD0A15-9824-4143-9211-C39FF1B5723B}.Debug|Any CPU.ActiveCfg = Debug|Any CPU
		{01CD0A15-9824-4143-9211-C39FF1B5723B}.Debug|Any CPU.Build.0 = Debug|Any CPU
		{01CD0A15-9824-4143-9211-C39FF1B5723B}.Release|Any CPU.ActiveCfg = Release|Any CPU
		{01CD0A15-9824-4143-9211-C39FF1B5723B}.Release|Any CPU.Build.0 = Release|Any CPU
	EndGlobalSection
	GlobalSection(SolutionProperties) = preSolution
		HideSolutionNode = FALSE
	EndGlobalSection
	GlobalSection(ExtensibilityGlobals) = postSolution
		SolutionGuid = {7173E949-44E3-4E71-A56F-C3EE33B996C6}
	EndGlobalSection
EndGlobal
