
Microsoft Visual Studio Solution File, Format Version 12.00
# Visual Studio 15
VisualStudioVersion = 15.0.28307.271
MinimumVisualStudioVersion = 10.0.40219.1
Project("{FAE04EC0-301F-11D3-BF4B-00C04F79EFBC}") = "terningkastet", "terningkastet\terningkastet.csproj", "{474D858E-E5C7-4569-A07C-04D0EF3CB2DF}"
EndProject
Global
	GlobalSection(SolutionConfigurationPlatforms) = preSolution
		Debug|Any CPU = Debug|Any CPU
		Release|Any CPU = Release|Any CPU
	EndGlobalSection
	GlobalSection(ProjectConfigurationPlatforms) = postSolution
		{474D858E-E5C7-4569-A07C-04D0EF3CB2DF}.Debug|Any CPU.ActiveCfg = Debug|Any CPU
		{474D858E-E5C7-4569-A07C-04D0EF3CB2DF}.Debug|Any CPU.Build.0 = Debug|Any CPU
		{474D858E-E5C7-4569-A07C-04D0EF3CB2DF}.Release|Any CPU.ActiveCfg = Release|Any CPU
		{474D858E-E5C7-4569-A07C-04D0EF3CB2DF}.Release|Any CPU.Build.0 = Release|Any CPU
	EndGlobalSection
	GlobalSection(SolutionProperties) = preSolution
		HideSolutionNode = FALSE
	EndGlobalSection
	GlobalSection(ExtensibilityGlobals) = postSolution
		SolutionGuid = {1D7E896E-438C-40CF-A2F1-CC28F17BB62E}
	EndGlobalSection
EndGlobal
