
Microsoft Visual Studio Solution File, Format Version 12.00
# Visual Studio 15
VisualStudioVersion = 15.0.28307.271
MinimumVisualStudioVersion = 10.0.40219.1
Project("{FAE04EC0-301F-11D3-BF4B-00C04F79EFBC}") = "rumfanget", "rumfanget\rumfanget.csproj", "{2F2A543C-75DF-4C89-B6CC-3C1C853E740A}"
EndProject
Global
	GlobalSection(SolutionConfigurationPlatforms) = preSolution
		Debug|Any CPU = Debug|Any CPU
		Release|Any CPU = Release|Any CPU
	EndGlobalSection
	GlobalSection(ProjectConfigurationPlatforms) = postSolution
		{2F2A543C-75DF-4C89-B6CC-3C1C853E740A}.Debug|Any CPU.ActiveCfg = Debug|Any CPU
		{2F2A543C-75DF-4C89-B6CC-3C1C853E740A}.Debug|Any CPU.Build.0 = Debug|Any CPU
		{2F2A543C-75DF-4C89-B6CC-3C1C853E740A}.Release|Any CPU.ActiveCfg = Release|Any CPU
		{2F2A543C-75DF-4C89-B6CC-3C1C853E740A}.Release|Any CPU.Build.0 = Release|Any CPU
	EndGlobalSection
	GlobalSection(SolutionProperties) = preSolution
		HideSolutionNode = FALSE
	EndGlobalSection
	GlobalSection(ExtensibilityGlobals) = postSolution
		SolutionGuid = {2136D095-1C01-4137-A324-43D42046F857}
	EndGlobalSection
EndGlobal
