
Microsoft Visual Studio Solution File, Format Version 12.00
# Visual Studio 15
VisualStudioVersion = 15.0.28010.2003
MinimumVisualStudioVersion = 10.0.40219.1
Project("{FAE04EC0-301F-11D3-BF4B-00C04F79EFBC}") = "twodimenson", "twodimenson\twodimenson.csproj", "{C1B6F0E4-029A-4A4D-8BA8-44CA7F0A676E}"
EndProject
Global
	GlobalSection(SolutionConfigurationPlatforms) = preSolution
		Debug|Any CPU = Debug|Any CPU
		Release|Any CPU = Release|Any CPU
	EndGlobalSection
	GlobalSection(ProjectConfigurationPlatforms) = postSolution
		{C1B6F0E4-029A-4A4D-8BA8-44CA7F0A676E}.Debug|Any CPU.ActiveCfg = Debug|Any CPU
		{C1B6F0E4-029A-4A4D-8BA8-44CA7F0A676E}.Debug|Any CPU.Build.0 = Debug|Any CPU
		{C1B6F0E4-029A-4A4D-8BA8-44CA7F0A676E}.Release|Any CPU.ActiveCfg = Release|Any CPU
		{C1B6F0E4-029A-4A4D-8BA8-44CA7F0A676E}.Release|Any CPU.Build.0 = Release|Any CPU
	EndGlobalSection
	GlobalSection(SolutionProperties) = preSolution
		HideSolutionNode = FALSE
	EndGlobalSection
	GlobalSection(ExtensibilityGlobals) = postSolution
		SolutionGuid = {F415BAC5-CFCB-4D22-96C6-09ACD9EECEFC}
	EndGlobalSection
EndGlobal
