
Microsoft Visual Studio Solution File, Format Version 12.00
# Visual Studio 15
VisualStudioVersion = 15.0.28307.168
MinimumVisualStudioVersion = 10.0.40219.1
Project("{FAE04EC0-301F-11D3-BF4B-00C04F79EFBC}") = "comparestrings", "comparestrings\comparestrings.csproj", "{886E55E3-92D9-412F-9D22-DE52B0E22987}"
EndProject
Global
	GlobalSection(SolutionConfigurationPlatforms) = preSolution
		Debug|Any CPU = Debug|Any CPU
		Release|Any CPU = Release|Any CPU
	EndGlobalSection
	GlobalSection(ProjectConfigurationPlatforms) = postSolution
		{886E55E3-92D9-412F-9D22-DE52B0E22987}.Debug|Any CPU.ActiveCfg = Debug|Any CPU
		{886E55E3-92D9-412F-9D22-DE52B0E22987}.Debug|Any CPU.Build.0 = Debug|Any CPU
		{886E55E3-92D9-412F-9D22-DE52B0E22987}.Release|Any CPU.ActiveCfg = Release|Any CPU
		{886E55E3-92D9-412F-9D22-DE52B0E22987}.Release|Any CPU.Build.0 = Release|Any CPU
	EndGlobalSection
	GlobalSection(SolutionProperties) = preSolution
		HideSolutionNode = FALSE
	EndGlobalSection
	GlobalSection(ExtensibilityGlobals) = postSolution
		SolutionGuid = {62B21D27-451B-4A9C-B34E-E039C73FFD1E}
	EndGlobalSection
EndGlobal
