
Microsoft Visual Studio Solution File, Format Version 12.00
# Visual Studio 15
VisualStudioVersion = 15.0.28307.168
MinimumVisualStudioVersion = 10.0.40219.1
Project("{FAE04EC0-301F-11D3-BF4B-00C04F79EFBC}") = "ConsoleApp4", "ConsoleApp4\ConsoleApp4.csproj", "{4C498DB3-4C75-4F3F-B387-08649819889D}"
EndProject
Global
	GlobalSection(SolutionConfigurationPlatforms) = preSolution
		Debug|Any CPU = Debug|Any CPU
		Release|Any CPU = Release|Any CPU
	EndGlobalSection
	GlobalSection(ProjectConfigurationPlatforms) = postSolution
		{4C498DB3-4C75-4F3F-B387-08649819889D}.Debug|Any CPU.ActiveCfg = Debug|Any CPU
		{4C498DB3-4C75-4F3F-B387-08649819889D}.Debug|Any CPU.Build.0 = Debug|Any CPU
		{4C498DB3-4C75-4F3F-B387-08649819889D}.Release|Any CPU.ActiveCfg = Release|Any CPU
		{4C498DB3-4C75-4F3F-B387-08649819889D}.Release|Any CPU.Build.0 = Release|Any CPU
	EndGlobalSection
	GlobalSection(SolutionProperties) = preSolution
		HideSolutionNode = FALSE
	EndGlobalSection
	GlobalSection(ExtensibilityGlobals) = postSolution
		SolutionGuid = {7178FDAC-B5A0-4B96-A55D-319B1CED7C2A}
	EndGlobalSection
EndGlobal
